// !$*UTF8*$!
{
	archiveVersion = 1;
	classes = {
	};
	objectVersion = 77;
	objects = {

/* Begin PBXContainerItemProxy section */
		714F13382CA4994F00DBCA0D /* PBXContainerItemProxy */ = {
			isa = PBXContainerItemProxy;
			containerPortal = 714F131D2CA4994D00DBCA0D /* Project object */;
			proxyType = 1;
			remoteGlobalIDString = 714F13242CA4994D00DBCA0D;
			remoteInfo = TravelTrace;
		};
		714F13422CA4994F00DBCA0D /* PBXContainerItemProxy */ = {
			isa = PBXContainerItemProxy;
			containerPortal = 714F131D2CA4994D00DBCA0D /* Project object */;
			proxyType = 1;
			remoteGlobalIDString = 714F13242CA4994D00DBCA0D;
			remoteInfo = TravelTrace;
		};
/* End PBXContainerItemProxy section */

/* Begin PBXFileReference section */
		714F13252CA4994D00DBCA0D /* TravelTrace.app */ = {isa = PBXFileReference; explicitFileType = wrapper.application; includeInIndex = 0; path = TravelTrace.app; sourceTree = BUILT_PRODUCTS_DIR; };
		714F13372CA4994F00DBCA0D /* TravelTraceTests.xctest */ = {isa = PBXFileReference; explicitFileType = wrapper.cfbundle; includeInIndex = 0; path = TravelTraceTests.xctest; sourceTree = BUILT_PRODUCTS_DIR; };
		714F13412CA4994F00DBCA0D /* TravelTraceUITests.xctest */ = {isa = PBXFileReference; explicitFileType = wrapper.cfbundle; includeInIndex = 0; path = TravelTraceUITests.xctest; sourceTree = BUILT_PRODUCTS_DIR; };
/* End PBXFileReference section */

/* Begin PBXFileSystemSynchronizedRootGroup section */
		714F13272CA4994D00DBCA0D /* TravelTrace */ = {
			isa = PBXFileSystemSynchronizedRootGroup;
			path = TravelTrace;
			sourceTree = "<group>";
		};
		714F133A2CA4994F00DBCA0D /* TravelTraceTests */ = {
			isa = PBXFileSystemSynchronizedRootGroup;
			path = TravelTraceTests;
			sourceTree = "<group>";
		};
		714F13442CA4994F00DBCA0D /* TravelTraceUITests */ = {
			isa = PBXFileSystemSynchronizedRootGroup;
			path = TravelTraceUITests;
			sourceTree = "<group>";
		};
/* End PBXFileSystemSynchronizedRootGroup section */

/* Begin PBXFrameworksBuildPhase section */
		714F13222CA4994D00DBCA0D /* Frameworks */ = {
			isa = PBXFrameworksBuildPhase;
			buildActionMask = 2147483647;
			files = (
			);
			runOnlyForDeploymentPostprocessing = 0;
		};
		714F13342CA4994F00DBCA0D /* Frameworks */ = {
			isa = PBXFrameworksBuildPhase;
			buildActionMask = 2147483647;
			files = (
			);
			runOnlyForDeploymentPostprocessing = 0;
		};
		714F133E2CA4994F00DBCA0D /* Frameworks */ = {
			isa = PBXFrameworksBuildPhase;
			buildActionMask = 2147483647;
			files = (
			);
			runOnlyForDeploymentPostprocessing = 0;
		};
/* End PBXFrameworksBuildPhase section */

/* Begin PBXGroup section */
		714F131C2CA4994D00DBCA0D = {
			isa = PBXGroup;
			children = (
				714F13272CA4994D00DBCA0D /* TravelTrace */,
				714F133A2CA4994F00DBCA0D /* TravelTraceTests */,
				714F13442CA4994F00DBCA0D /* TravelTraceUITests */,
				714F13262CA4994D00DBCA0D /* Products */,
			);
			sourceTree = "<group>";
		};
		714F13262CA4994D00DBCA0D /* Products */ = {
			isa = PBXGroup;
			children = (
				714F13252CA4994D00DBCA0D /* TravelTrace.app */,
				714F13372CA4994F00DBCA0D /* TravelTraceTests.xctest */,
				714F13412CA4994F00DBCA0D /* TravelTraceUITests.xctest */,
			);
			name = Products;
			sourceTree = "<group>";
		};
/* End PBXGroup section */

/* Begin PBXNativeTarget section */
		714F13242CA4994D00DBCA0D /* TravelTrace */ = {
			isa = PBXNativeTarget;
			buildConfigurationList = 714F134B2CA4994F00DBCA0D /* Build configuration list for PBXNativeTarget "TravelTrace" */;
			buildPhases = (
				714F13212CA4994D00DBCA0D /* Sources */,
				714F13222CA4994D00DBCA0D /* Frameworks */,
				714F13232CA4994D00DBCA0D /* Resources */,
			);
			buildRules = (
			);
			dependencies = (
			);
			fileSystemSynchronizedGroups = (
				714F13272CA4994D00DBCA0D /* TravelTrace */,
			);
			name = TravelTrace;
			packageProductDependencies = (
			);
			productName = TravelTrace;
			productReference = 714F13252CA4994D00DBCA0D /* TravelTrace.app */;
			productType = "com.apple.product-type.application";
		};
		714F13362CA4994F00DBCA0D /* TravelTraceTests */ = {
			isa = PBXNativeTarget;
			buildConfigurationList = 714F134E2CA4994F00DBCA0D /* Build configuration list for PBXNativeTarget "TravelTraceTests" */;
			buildPhases = (
				714F13332CA4994F00DBCA0D /* Sources */,
				714F13342CA4994F00DBCA0D /* Frameworks */,
				714F13352CA4994F00DBCA0D /* Resources */,
			);
			buildRules = (
			);
			dependencies = (
				714F13392CA4994F00DBCA0D /* PBXTargetDependency */,
			);
			fileSystemSynchronizedGroups = (
				714F133A2CA4994F00DBCA0D /* TravelTraceTests */,
			);
			name = TravelTraceTests;
			packageProductDependencies = (
			);
			productName = TravelTraceTests;
			productReference = 714F13372CA4994F00DBCA0D /* TravelTraceTests.xctest */;
			productType = "com.apple.product-type.bundle.unit-test";
		};
		714F13402CA4994F00DBCA0D /* TravelTraceUITests */ = {
			isa = PBXNativeTarget;
			buildConfigurationList = 714F13512CA4994F00DBCA0D /* Build configuration list for PBXNativeTarget "TravelTraceUITests" */;
			buildPhases = (
				714F133D2CA4994F00DBCA0D /* Sources */,
				714F133E2CA4994F00DBCA0D /* Frameworks */,
				714F133F2CA4994F00DBCA0D /* Resources */,
			);
			buildRules = (
			);
			dependencies = (
				714F13432CA4994F00DBCA0D /* PBXTargetDependency */,
			);
			fileSystemSynchronizedGroups = (
				714F13442CA4994F00DBCA0D /* TravelTraceUITests */,
			);
			name = TravelTraceUITests;
			packageProductDependencies = (
			);
			productName = TravelTraceUITests;
			productReference = 714F13412CA4994F00DBCA0D /* TravelTraceUITests.xctest */;
			productType = "com.apple.product-type.bundle.ui-testing";
		};
/* End PBXNativeTarget section */

/* Begin PBXProject section */
		714F131D2CA4994D00DBCA0D /* Project object */ = {
			isa = PBXProject;
			attributes = {
				BuildIndependentTargetsInParallel = 1;
				LastSwiftUpdateCheck = 1600;
				LastUpgradeCheck = 1600;
				TargetAttributes = {
					714F13242CA4994D00DBCA0D = {
						CreatedOnToolsVersion = 16.0;
					};
					714F13362CA4994F00DBCA0D = {
						CreatedOnToolsVersion = 16.0;
						TestTargetID = 714F13242CA4994D00DBCA0D;
					};
					714F13402CA4994F00DBCA0D = {
						CreatedOnToolsVersion = 16.0;
						TestTargetID = 714F13242CA4994D00DBCA0D;
					};
				};
			};
			buildConfigurationList = 714F13202CA4994D00DBCA0D /* Build configuration list for PBXProject "TravelTrace" */;
			developmentRegion = en;
			hasScannedForEncodings = 0;
			knownRegions = (
				en,
				Base,
			);
			mainGroup = 714F131C2CA4994D00DBCA0D;
			minimizedProjectReferenceProxies = 1;
			preferredProjectObjectVersion = 77;
			productRefGroup = 714F13262CA4994D00DBCA0D /* Products */;
			projectDirPath = "";
			projectRoot = "";
			targets = (
				714F13242CA4994D00DBCA0D /* TravelTrace */,
				714F13362CA4994F00DBCA0D /* TravelTraceTests */,
				714F13402CA4994F00DBCA0D /* TravelTraceUITests */,
			);
		};
/* End PBXProject section */

/* Begin PBXResourcesBuildPhase section */
		714F13232CA4994D00DBCA0D /* Resources */ = {
			isa = PBXResourcesBuildPhase;
			buildActionMask = 2147483647;
			files = (
			);
			runOnlyForDeploymentPostprocessing = 0;
		};
		714F13352CA4994F00DBCA0D /* Resources */ = {
			isa = PBXResourcesBuildPhase;
			buildActionMask = 2147483647;
			files = (
			);
			runOnlyForDeploymentPostprocessing = 0;
		};
		714F133F2CA4994F00DBCA0D /* Resources */ = {
			isa = PBXResourcesBuildPhase;
			buildActionMask = 2147483647;
			files = (
			);
			runOnlyForDeploymentPostprocessing = 0;
		};
/* End PBXResourcesBuildPhase section */

/* Begin PBXSourcesBuildPhase section */
		714F13212CA4994D00DBCA0D /* Sources */ = {
			isa = PBXSourcesBuildPhase;
			buildActionMask = 2147483647;
			files = (
			);
			runOnlyForDeploymentPostprocessing = 0;
		};
		714F13332CA4994F00DBCA0D /* Sources */ = {
			isa = PBXSourcesBuildPhase;
			buildActionMask = 2147483647;
			files = (
			);
			runOnlyForDeploymentPostprocessing = 0;
		};
		714F133D2CA4994F00DBCA0D /* Sources */ = {
			isa = PBXSourcesBuildPhase;
			buildActionMask = 2147483647;
			files = (
			);
			runOnlyForDeploymentPostprocessing = 0;
		};
/* End PBXSourcesBuildPhase section */

/* Begin PBXTargetDependency section */
		714F13392CA4994F00DBCA0D /* PBXTargetDependency */ = {
			isa = PBXTargetDependency;
			target = 714F13242CA4994D00DBCA0D /* TravelTrace */;
			targetProxy = 714F13382CA4994F00DBCA0D /* PBXContainerItemProxy */;
		};
		714F13432CA4994F00DBCA0D /* PBXTargetDependency */ = {
			isa = PBXTargetDependency;
			target = 714F13242CA4994D00DBCA0D /* TravelTrace */;
			targetProxy = 714F13422CA4994F00DBCA0D /* PBXContainerItemProxy */;
		};
/* End PBXTargetDependency section */

/* Begin XCBuildConfiguration section */
		714F13492CA4994F00DBCA0D /* Debug */ = {
			isa = XCBuildConfiguration;
			buildSettings = {
				ALWAYS_SEARCH_USER_PATHS = NO;
				ASSETCATALOG_COMPILER_GENERATE_SWIFT_ASSET_SYMBOL_EXTENSIONS = YES;
				CLANG_ANALYZER_NONNULL = YES;
				CLANG_ANALYZER_NUMBER_OBJECT_CONVERSION = YES_AGGRESSIVE;
				CLANG_CXX_LANGUAGE_STANDARD = "gnu++20";
				CLANG_ENABLE_MODULES = YES;
				CLANG_ENABLE_OBJC_ARC = YES;
				CLANG_ENABLE_OBJC_WEAK = YES;
				CLANG_WARN_BLOCK_CAPTURE_AUTORELEASING = YES;
				CLANG_WARN_BOOL_CONVERSION = YES;
				CLANG_WARN_COMMA = YES;
				CLANG_WARN_CONSTANT_CONVERSION = YES;
				CLANG_WARN_DEPRECATED_OBJC_IMPLEMENTATIONS = YES;
				CLANG_WARN_DIRECT_OBJC_ISA_USAGE = YES_ERROR;
				CLANG_WARN_DOCUMENTATION_COMMENTS = YES;
				CLANG_WARN_EMPTY_BODY = YES;
				CLANG_WARN_ENUM_CONVERSION = YES;
				CLANG_WARN_INFINITE_RECURSION = YES;
				CLANG_WARN_INT_CONVERSION = YES;
				CLANG_WARN_NON_LITERAL_NULL_CONVERSION = YES;
				CLANG_WARN_OBJC_IMPLICIT_RETAIN_SELF = YES;
				CLANG_WARN_OBJC_LITERAL_CONVERSION = YES;
				CLANG_WARN_OBJC_ROOT_CLASS = YES_ERROR;
				CLANG_WARN_QUOTED_INCLUDE_IN_FRAMEWORK_HEADER = YES;
				CLANG_WARN_RANGE_LOOP_ANALYSIS = YES;
				CLANG_WARN_STRICT_PROTOTYPES = YES;
				CLANG_WARN_SUSPICIOUS_MOVE = YES;
				CLANG_WARN_UNGUARDED_AVAILABILITY = YES_AGGRESSIVE;
				CLANG_WARN_UNREACHABLE_CODE = YES;
				CLANG_WARN__DUPLICATE_METHOD_MATCH = YES;
				COPY_PHASE_STRIP = NO;
				DEBUG_INFORMATION_FORMAT = dwarf;
				ENABLE_STRICT_OBJC_MSGSEND = YES;
				ENABLE_TESTABILITY = YES;
				ENABLE_USER_SCRIPT_SANDBOXING = YES;
				GCC_C_LANGUAGE_STANDARD = gnu17;
				GCC_DYNAMIC_NO_PIC = NO;
				GCC_NO_COMMON_BLOCKS = YES;
				GCC_OPTIMIZATION_LEVEL = 0;
				GCC_PREPROCESSOR_DEFINITIONS = (
					"DEBUG=1",
					"$(inherited)",
				);
				GCC_WARN_64_TO_32_BIT_CONVERSION = YES;
				GCC_WARN_ABOUT_RETURN_TYPE = YES_ERROR;
				GCC_WARN_UNDECLARED_SELECTOR = YES;
				GCC_WARN_UNINITIALIZED_AUTOS = YES_AGGRESSIVE;
				GCC_WARN_UNUSED_FUNCTION = YES;
				GCC_WARN_UNUSED_VARIABLE = YES;
				IPHONEOS_DEPLOYMENT_TARGET = 18.0;
				LOCALIZATION_PREFERS_STRING_CATALOGS = YES;
				MTL_ENABLE_DEBUG_INFO = INCLUDE_SOURCE;
				MTL_FAST_MATH = YES;
				ONLY_ACTIVE_ARCH = YES;
				SDKROOT = iphoneos;
				SWIFT_ACTIVE_COMPILATION_CONDITIONS = "DEBUG $(inherited)";
				SWIFT_OPTIMIZATION_LEVEL = "-Onone";
			};
			name = Debug;
		};
		714F134A2CA4994F00DBCA0D /* Release */ = {
			isa = XCBuildConfiguration;
			buildSettings = {
				ALWAYS_SEARCH_USER_PATHS = NO;
				ASSETCATALOG_COMPILER_GENERATE_SWIFT_ASSET_SYMBOL_EXTENSIONS = YES;
				CLANG_ANALYZER_NONNULL = YES;
				CLANG_ANALYZER_NUMBER_OBJECT_CONVERSION = YES_AGGRESSIVE;
				CLANG_CXX_LANGUAGE_STANDARD = "gnu++20";
				CLANG_ENABLE_MODULES = YES;
				CLANG_ENABLE_OBJC_ARC = YES;
				CLANG_ENABLE_OBJC_WEAK = YES;
				CLANG_WARN_BLOCK_CAPTURE_AUTORELEASING = YES;
				CLANG_WARN_BOOL_CONVERSION = YES;
				CLANG_WARN_COMMA = YES;
				CLANG_WARN_CONSTANT_CONVERSION = YES;
				CLANG_WARN_DEPRECATED_OBJC_IMPLEMENTATIONS = YES;
				CLANG_WARN_DIRECT_OBJC_ISA_USAGE = YES_ERROR;
				CLANG_WARN_DOCUMENTATION_COMMENTS = YES;
				CLANG_WARN_EMPTY_BODY = YES;
				CLANG_WARN_ENUM_CONVERSION = YES;
				CLANG_WARN_INFINITE_RECURSION = YES;
				CLANG_WARN_INT_CONVERSION = YES;
				CLANG_WARN_NON_LITERAL_NULL_CONVERSION = YES;
				CLANG_WARN_OBJC_IMPLICIT_RETAIN_SELF = YES;
				CLANG_WARN_OBJC_LITERAL_CONVERSION = YES;
				CLANG_WARN_OBJC_ROOT_CLASS = YES_ERROR;
				CLANG_WARN_QUOTED_INCLUDE_IN_FRAMEWORK_HEADER = YES;
				CLANG_WARN_RANGE_LOOP_ANALYSIS = YES;
				CLANG_WARN_STRICT_PROTOTYPES = YES;
				CLANG_WARN_SUSPICIOUS_MOVE = YES;
				CLANG_WARN_UNGUARDED_AVAILABILITY = YES_AGGRESSIVE;
				CLANG_WARN_UNREACHABLE_CODE = YES;
				CLANG_WARN__DUPLICATE_METHOD_MATCH = YES;
				COPY_PHASE_STRIP = NO;
				DEBUG_INFORMATION_FORMAT = "dwarf-with-dsym";
				ENABLE_NS_ASSERTIONS = NO;
				ENABLE_STRICT_OBJC_MSGSEND = YES;
				ENABLE_USER_SCRIPT_SANDBOXING = YES;
				GCC_C_LANGUAGE_STANDARD = gnu17;
				GCC_NO_COMMON_BLOCKS = YES;
				GCC_WARN_64_TO_32_BIT_CONVERSION = YES;
				GCC_WARN_ABOUT_RETURN_TYPE = YES_ERROR;
				GCC_WARN_UNDECLARED_SELECTOR = YES;
				GCC_WARN_UNINITIALIZED_AUTOS = YES_AGGRESSIVE;
				GCC_WARN_UNUSED_FUNCTION = YES;
				GCC_WARN_UNUSED_VARIABLE = YES;
				IPHONEOS_DEPLOYMENT_TARGET = 18.0;
				LOCALIZATION_PREFERS_STRING_CATALOGS = YES;
				MTL_ENABLE_DEBUG_INFO = NO;
				MTL_FAST_MATH = YES;
				SDKROOT = iphoneos;
				SWIFT_COMPILATION_MODE = wholemodule;
				VALIDATE_PRODUCT = YES;
			};
			name = Release;
		};
		714F134C2CA4994F00DBCA0D /* Debug */ = {
			isa = XCBuildConfiguration;
			buildSettings = {
				ASSETCATALOG_COMPILER_APPICON_NAME = AppIcon;
				ASSETCATALOG_COMPILER_GLOBAL_ACCENT_COLOR_NAME = AccentColor;
				CODE_SIGN_STYLE = Automatic;
				CURRENT_PROJECT_VERSION = 1;
				DEVELOPMENT_ASSET_PATHS = "\"TravelTrace/Preview Content\"";
				DEVELOPMENT_TEAM = 6N377BRGHL;
				ENABLE_PREVIEWS = YES;
				GENERATE_INFOPLIST_FILE = YES;
				INFOPLIST_KEY_UIApplicationSceneManifest_Generation = YES;
				INFOPLIST_KEY_UIApplicationSupportsIndirectInputEvents = YES;
				INFOPLIST_KEY_UILaunchScreen_Generation = YES;
				INFOPLIST_KEY_UISupportedInterfaceOrientations_iPad = "UIInterfaceOrientationPortrait UIInterfaceOrientationPortraitUpsideDown UIInterfaceOrientationLandscapeLeft UIInterfaceOrientationLandscapeRight";
				INFOPLIST_KEY_UISupportedInterfaceOrientations_iPhone = "UIInterfaceOrientationPortrait UIInterfaceOrientationLandscapeLeft UIInterfaceOrientationLandscapeRight";
				LD_RUNPATH_SEARCH_PATHS = (
					"$(inherited)",
					"@executable_path/Frameworks",
				);
				MARKETING_VERSION = 1.0;
				PRODUCT_BUNDLE_IDENTIFIER = Berend.TravelTrace;
				PRODUCT_NAME = "$(TARGET_NAME)";
				SWIFT_EMIT_LOC_STRINGS = YES;
				SWIFT_VERSION = 5.0;
				TARGETED_DEVICE_FAMILY = "1,2";
			};
			name = Debug;
		};
		714F134D2CA4994F00DBCA0D /* Release */ = {
			isa = XCBuildConfiguration;
			buildSettings = {
				ASSETCATALOG_COMPILER_APPICON_NAME = AppIcon;
				ASSETCATALOG_COMPILER_GLOBAL_ACCENT_COLOR_NAME = AccentColor;
				CODE_SIGN_STYLE = Automatic;
				CURRENT_PROJECT_VERSION = 1;
				DEVELOPMENT_ASSET_PATHS = "\"TravelTrace/Preview Content\"";
				DEVELOPMENT_TEAM = 6N377BRGHL;
				ENABLE_PREVIEWS = YES;
				GENERATE_INFOPLIST_FILE = YES;
				INFOPLIST_KEY_UIApplicationSceneManifest_Generation = YES;
				INFOPLIST_KEY_UIApplicationSupportsIndirectInputEvents = YES;
				INFOPLIST_KEY_UILaunchScreen_Generation = YES;
				INFOPLIST_KEY_UISupportedInterfaceOrientations_iPad = "UIInterfaceOrientationPortrait UIInterfaceOrientationPortraitUpsideDown UIInterfaceOrientationLandscapeLeft UIInterfaceOrientationLandscapeRight";
				INFOPLIST_KEY_UISupportedInterfaceOrientations_iPhone = "UIInterfaceOrientationPortrait UIInterfaceOrientationLandscapeLeft UIInterfaceOrientationLandscapeRight";
				LD_RUNPATH_SEARCH_PATHS = (
					"$(inherited)",
					"@executable_path/Frameworks",
				);
				MARKETING_VERSION = 1.0;
				PRODUCT_BUNDLE_IDENTIFIER = Berend.TravelTrace;
				PRODUCT_NAME = "$(TARGET_NAME)";
				SWIFT_EMIT_LOC_STRINGS = YES;
				SWIFT_VERSION = 5.0;
				TARGETED_DEVICE_FAMILY = "1,2";
			};
			name = Release;
		};
		714F134F2CA4994F00DBCA0D /* Debug */ = {
			isa = XCBuildConfiguration;
			buildSettings = {
				BUNDLE_LOADER = "$(TEST_HOST)";
				CODE_SIGN_STYLE = Automatic;
				CURRENT_PROJECT_VERSION = 1;
				DEVELOPMENT_TEAM = 6N377BRGHL;
				GENERATE_INFOPLIST_FILE = YES;
				IPHONEOS_DEPLOYMENT_TARGET = 18.0;
				MARKETING_VERSION = 1.0;
				PRODUCT_BUNDLE_IDENTIFIER = Berend.TravelTraceTests;
				PRODUCT_NAME = "$(TARGET_NAME)";
				SWIFT_EMIT_LOC_STRINGS = NO;
				SWIFT_VERSION = 5.0;
				TARGETED_DEVICE_FAMILY = "1,2";
				TEST_HOST = "$(BUILT_PRODUCTS_DIR)/TravelTrace.app/$(BUNDLE_EXECUTABLE_FOLDER_PATH)/TravelTrace";
			};
			name = Debug;
		};
		714F13502CA4994F00DBCA0D /* Release */ = {
			isa = XCBuildConfiguration;
			buildSettings = {
				BUNDLE_LOADER = "$(TEST_HOST)";
				CODE_SIGN_STYLE = Automatic;
				CURRENT_PROJECT_VERSION = 1;
				DEVELOPMENT_TEAM = 6N377BRGHL;
				GENERATE_INFOPLIST_FILE = YES;
				IPHONEOS_DEPLOYMENT_TARGET = 18.0;
				MARKETING_VERSION = 1.0;
				PRODUCT_BUNDLE_IDENTIFIER = Berend.TravelTraceTests;
				PRODUCT_NAME = "$(TARGET_NAME)";
				SWIFT_EMIT_LOC_STRINGS = NO;
				SWIFT_VERSION = 5.0;
				TARGETED_DEVICE_FAMILY = "1,2";
				TEST_HOST = "$(BUILT_PRODUCTS_DIR)/TravelTrace.app/$(BUNDLE_EXECUTABLE_FOLDER_PATH)/TravelTrace";
			};
			name = Release;
		};
		714F13522CA4994F00DBCA0D /* Debug */ = {
			isa = XCBuildConfiguration;
			buildSettings = {
				CODE_SIGN_STYLE = Automatic;
				CURRENT_PROJECT_VERSION = 1;
				DEVELOPMENT_TEAM = 6N377BRGHL;
				GENERATE_INFOPLIST_FILE = YES;
				MARKETING_VERSION = 1.0;
				PRODUCT_BUNDLE_IDENTIFIER = Berend.TravelTraceUITests;
				PRODUCT_NAME = "$(TARGET_NAME)";
				SWIFT_EMIT_LOC_STRINGS = NO;
				SWIFT_VERSION = 5.0;
				TARGETED_DEVICE_FAMILY = "1,2";
				TEST_TARGET_NAME = TravelTrace;
			};
			name = Debug;
		};
		714F13532CA4994F00DBCA0D /* Release */ = {
			isa = XCBuildConfiguration;
			buildSettings = {
				CODE_SIGN_STYLE = Automatic;
				CURRENT_PROJECT_VERSION = 1;
				DEVELOPMENT_TEAM = 6N377BRGHL;
				GENERATE_INFOPLIST_FILE = YES;
				MARKETING_VERSION = 1.0;
				PRODUCT_BUNDLE_IDENTIFIER = Berend.TravelTraceUITests;
				PRODUCT_NAME = "$(TARGET_NAME)";
				SWIFT_EMIT_LOC_STRINGS = NO;
				SWIFT_VERSION = 5.0;
				TARGETED_DEVICE_FAMILY = "1,2";
				TEST_TARGET_NAME = TravelTrace;
			};
			name = Release;
		};
/* End XCBuildConfiguration section */

/* Begin XCConfigurationList section */
		714F13202CA4994D00DBCA0D /* Build configuration list for PBXProject "TravelTrace" */ = {
			isa = XCConfigurationList;
			buildConfigurations = (
				714F13492CA4994F00DBCA0D /* Debug */,
				714F134A2CA4994F00DBCA0D /* Release */,
			);
			defaultConfigurationIsVisible = 0;
			defaultConfigurationName = Release;
		};
		714F134B2CA4994F00DBCA0D /* Build configuration list for PBXNativeTarget "TravelTrace" */ = {
			isa = XCConfigurationList;
			buildConfigurations = (
				714F134C2CA4994F00DBCA0D /* Debug */,
				714F134D2CA4994F00DBCA0D /* Release */,
			);
			defaultConfigurationIsVisible = 0;
			defaultConfigurationName = Release;
		};
		714F134E2CA4994F00DBCA0D /* Build configuration list for PBXNativeTarget "TravelTraceTests" */ = {
			isa = XCConfigurationList;
			buildConfigurations = (
				714F134F2CA4994F00DBCA0D /* Debug */,
				714F13502CA4994F00DBCA0D /* Release */,
			);
			defaultConfigurationIsVisible = 0;
			defaultConfigurationName = Release;
		};
		714F13512CA4994F00DBCA0D /* Build configuration list for PBXNativeTarget "TravelTraceUITests" */ = {
			isa = XCConfigurationList;
			buildConfigurations = (
				714F13522CA4994F00DBCA0D /* Debug */,
				714F13532CA4994F00DBCA0D /* Release */,
			);
			defaultConfigurationIsVisible = 0;
			defaultConfigurationName = Release;
		};
/* End XCConfigurationList section */
	};
	rootObject = 714F131D2CA4994D00DBCA0D /* Project object */;
}
